
Microsoft Visual Studio Solution File, Format Version 12.00
# Visual Studio Version 16
VisualStudioVersion = 16.0.30320.27
MinimumVisualStudioVersion = 10.0.40219.1
Project("{FAE04EC0-301F-11D3-BF4B-00C04F79EFBC}") = "Web", "Web\Web.csproj", "{B3C9936B-546F-41CC-8E95-6F5B9998321E}"
EndProject
Global
	GlobalSection(SolutionConfigurationPlatforms) = preSolution
		Debug|Any CPU = Debug|Any CPU
		Release|Any CPU = Release|Any CPU
	EndGlobalSection
	GlobalSection(ProjectConfigurationPlatforms) = postSolution
		{B3C9936B-546F-41CC-8E95-6F5B9998321E}.Debug|Any CPU.ActiveCfg = Debug|Any CPU
		{B3C9936B-546F-41CC-8E95-6F5B9998321E}.Debug|Any CPU.Build.0 = Debug|Any CPU
		{B3C9936B-546F-41CC-8E95-6F5B9998321E}.Release|Any CPU.ActiveCfg = Release|Any CPU
		{B3C9936B-546F-41CC-8E95-6F5B9998321E}.Release|Any CPU.Build.0 = Release|Any CPU
	EndGlobalSection
	GlobalSection(SolutionProperties) = preSolution
		HideSolutionNode = FALSE
	EndGlobalSection
	GlobalSection(ExtensibilityGlobals) = postSolution
		SolutionGuid = {8DD8AC65-C50B-4A6E-B88D-A63262A2C83D}
	EndGlobalSection
EndGlobal
